
Microsoft Visual Studio Solution File, Format Version 12.00
# Visual Studio Version 17
VisualStudioVersion = 17.5.33502.453
MinimumVisualStudioVersion = 10.0.40219.1
Project("{FAE04EC0-301F-11D3-BF4B-00C04F79EFBC}") = "mv-ticket-booking-app", "mv-ticket-booking-app\mv-ticket-booking-app.csproj", "{AC681B26-D221-410A-87F0-2439F8FA555D}"
EndProject
Global
	GlobalSection(SolutionConfigurationPlatforms) = preSolution
		Debug|Any CPU = Debug|Any CPU
		Release|Any CPU = Release|Any CPU
	EndGlobalSection
	GlobalSection(ProjectConfigurationPlatforms) = postSolution
		{AC681B26-D221-410A-87F0-2439F8FA555D}.Debug|Any CPU.ActiveCfg = Debug|Any CPU
		{AC681B26-D221-410A-87F0-2439F8FA555D}.Debug|Any CPU.Build.0 = Debug|Any CPU
		{AC681B26-D221-410A-87F0-2439F8FA555D}.Release|Any CPU.ActiveCfg = Release|Any CPU
		{AC681B26-D221-410A-87F0-2439F8FA555D}.Release|Any CPU.Build.0 = Release|Any CPU
	EndGlobalSection
	GlobalSection(SolutionProperties) = preSolution
		HideSolutionNode = FALSE
	EndGlobalSection
	GlobalSection(ExtensibilityGlobals) = postSolution
		SolutionGuid = {14E8F45C-1104-4CF9-AFD2-15D7A461A61B}
	EndGlobalSection
EndGlobal
